{"format_version":"1.0","provider_schemas":{"registry.terraform.io/rropen/csc-domain-manager":{"provider":{"version":0,"block":{"attributes":{"api_key":{"type":"string","description":"CSC Domain Manager API Key","description_kind":"plain","optional":true,"sensitive":true},"api_token":{"type":"string","description":"CSC Domain Manager API Token","description_kind":"plain","optional":true,"sensitive":true}},"description_kind":"plain"}},"resource_schemas":{"cscdm_record":{"version":0,"block":{"attributes":{"id":{"type":"string","description_kind":"plain","computed":true},"key":{"type":"string","description_kind":"plain","required":true},"last_updated":{"type":"string","description_kind":"plain","computed":true},"priority":{"type":"number","description_kind":"plain","optional":true},"status":{"type":"string","description_kind":"plain","computed":true},"ttl":{"type":"number","description_kind":"plain","optional":true},"type":{"type":"string","description_kind":"plain","required":true},"value":{"type":"string","description_kind":"plain","required":true},"zone":{"type":"string","description_kind":"plain","required":true}},"description_kind":"plain"}}},"data_source_schemas":{"cscdm_zones":{"version":0,"block":{"attributes":{"name":{"type":"string","description_kind":"plain","optional":true},"zones":{"nested_type":{"attributes":{"a":{"nested_type":{"attributes":{"id":{"type":"string","description_kind":"plain","computed":true},"key":{"type":"string","description_kind":"plain","computed":true},"priority":{"type":"number","description_kind":"plain","computed":true},"status":{"type":"string","description_kind":"plain","computed":true},"ttl":{"type":"number","description_kind":"plain","computed":true},"value":{"type":"string","description_kind":"plain","computed":true}},"nesting_mode":"list"},"description_kind":"plain","computed":true},"aaaa":{"nested_type":{"attributes":{"id":{"type":"string","description_kind":"plain","computed":true},"key":{"type":"string","description_kind":"plain","computed":true},"priority":{"type":"number","description_kind":"plain","computed":true},"status":{"type":"string","description_kind":"plain","computed":true},"ttl":{"type":"number","description_kind":"plain","computed":true},"value":{"type":"string","description_kind":"plain","computed":true}},"nesting_mode":"list"},"description_kind":"plain","computed":true},"caa":{"nested_type":{"attributes":{"id":{"type":"string","description_kind":"plain","computed":true},"key":{"type":"string","description_kind":"plain","computed":true},"priority":{"type":"number","description_kind":"plain","computed":true},"status":{"type":"string","description_kind":"plain","computed":true},"ttl":{"type":"number","description_kind":"plain","computed":true},"value":{"type":"string","description_kind":"plain","computed":true}},"nesting_mode":"list"},"description_kind":"plain","computed":true},"cname":{"nested_type":{"attributes":{"id":{"type":"string","description_kind":"plain","computed":true},"key":{"type":"string","description_kind":"plain","computed":true},"priority":{"type":"number","description_kind":"plain","computed":true},"status":{"type":"string","description_kind":"plain","computed":true},"ttl":{"type":"number","description_kind":"plain","computed":true},"value":{"type":"string","description_kind":"plain","computed":true}},"nesting_mode":"list"},"description_kind":"plain","computed":true},"hosting_type":{"type":"string","description_kind":"plain","computed":true},"mx":{"nested_type":{"attributes":{"id":{"type":"string","description_kind":"plain","computed":true},"key":{"type":"string","description_kind":"plain","computed":true},"priority":{"type":"number","description_kind":"plain","computed":true},"status":{"type":"string","description_kind":"plain","computed":true},"ttl":{"type":"number","description_kind":"plain","computed":true},"value":{"type":"string","description_kind":"plain","computed":true}},"nesting_mode":"list"},"description_kind":"plain","computed":true},"ns":{"nested_type":{"attributes":{"id":{"type":"string","description_kind":"plain","computed":true},"key":{"type":"string","description_kind":"plain","computed":true},"priority":{"type":"number","description_kind":"plain","computed":true},"status":{"type":"string","description_kind":"plain","computed":true},"ttl":{"type":"number","description_kind":"plain","computed":true},"value":{"type":"string","description_kind":"plain","computed":true}},"nesting_mode":"list"},"description_kind":"plain","computed":true},"soa":{"nested_type":{"attributes":{"expire":{"type":"number","description_kind":"plain","computed":true},"master_host":{"type":"string","description_kind":"plain","computed":true},"refresh":{"type":"number","description_kind":"plain","computed":true},"retry":{"type":"number","description_kind":"plain","computed":true},"serial":{"type":"number","description_kind":"plain","computed":true},"tech_email":{"type":"string","description_kind":"plain","computed":true},"ttl_min":{"type":"number","description_kind":"plain","computed":true},"ttl_neg":{"type":"number","description_kind":"plain","computed":true},"ttl_zone":{"type":"number","description_kind":"plain","computed":true}},"nesting_mode":"single"},"description_kind":"plain","computed":true},"srv":{"nested_type":{"attributes":{"id":{"type":"string","description_kind":"plain","computed":true},"key":{"type":"string","description_kind":"plain","computed":true},"port":{"type":"number","description_kind":"plain","computed":true},"priority":{"type":"number","description_kind":"plain","computed":true},"status":{"type":"string","description_kind":"plain","computed":true},"ttl":{"type":"number","description_kind":"plain","computed":true},"value":{"type":"string","description_kind":"plain","computed":true}},"nesting_mode":"list"},"description_kind":"plain","computed":true},"txt":{"nested_type":{"attributes":{"id":{"type":"string","description_kind":"plain","computed":true},"key":{"type":"string","description_kind":"plain","computed":true},"priority":{"type":"number","description_kind":"plain","computed":true},"status":{"type":"string","description_kind":"plain","computed":true},"ttl":{"type":"number","description_kind":"plain","computed":true},"value":{"type":"string","description_kind":"plain","computed":true}},"nesting_mode":"list"},"description_kind":"plain","computed":true},"zone_name":{"type":"string","description_kind":"plain","computed":true}},"nesting_mode":"list"},"description_kind":"plain","computed":true}},"description_kind":"plain"}}}}}}
